
Microsoft Visual Studio Solution File, Format Version 12.00
# Visual Studio Version 17
VisualStudioVersion = 17.2.32630.192
MinimumVisualStudioVersion = 10.0.40219.1
Project("{FAE04EC0-301F-11D3-BF4B-00C04F79EFBC}") = "HelloWorld", "HelloWorld\HelloWorld.csproj", "{A15502E0-A260-4E25-96DD-E9CC7E316DCA}"
EndProject
Global
	GlobalSection(SolutionConfigurationPlatforms) = preSolution
		Debug|Any CPU = Debug|Any CPU
		Release|Any CPU = Release|Any CPU
	EndGlobalSection
	GlobalSection(ProjectConfigurationPlatforms) = postSolution
		{A15502E0-A260-4E25-96DD-E9CC7E316DCA}.Debug|Any CPU.ActiveCfg = Debug|Any CPU
		{A15502E0-A260-4E25-96DD-E9CC7E316DCA}.Debug|Any CPU.Build.0 = Debug|Any CPU
		{A15502E0-A260-4E25-96DD-E9CC7E316DCA}.Release|Any CPU.ActiveCfg = Release|Any CPU
		{A15502E0-A260-4E25-96DD-E9CC7E316DCA}.Release|Any CPU.Build.0 = Release|Any CPU
	EndGlobalSection
	GlobalSection(SolutionProperties) = preSolution
		HideSolutionNode = FALSE
	EndGlobalSection
	GlobalSection(ExtensibilityGlobals) = postSolution
		SolutionGuid = {561F0B0F-E30F-406C-920F-0276EA95E2B0}
	EndGlobalSection
EndGlobal
