
Microsoft Visual Studio Solution File, Format Version 12.00
# Visual Studio Version 17
VisualStudioVersion = 17.3.32804.467
MinimumVisualStudioVersion = 10.0.40219.1
Project("{FAE04EC0-301F-11D3-BF4B-00C04F79EFBC}") = "WPFEvents", "WPFEvents\WPFEvents.csproj", "{14621A08-BBC2-4360-A28B-41331BCB95EE}"
EndProject
Global
	GlobalSection(SolutionConfigurationPlatforms) = preSolution
		Debug|Any CPU = Debug|Any CPU
		Release|Any CPU = Release|Any CPU
	EndGlobalSection
	GlobalSection(ProjectConfigurationPlatforms) = postSolution
		{14621A08-BBC2-4360-A28B-41331BCB95EE}.Debug|Any CPU.ActiveCfg = Debug|Any CPU
		{14621A08-BBC2-4360-A28B-41331BCB95EE}.Debug|Any CPU.Build.0 = Debug|Any CPU
		{14621A08-BBC2-4360-A28B-41331BCB95EE}.Release|Any CPU.ActiveCfg = Release|Any CPU
		{14621A08-BBC2-4360-A28B-41331BCB95EE}.Release|Any CPU.Build.0 = Release|Any CPU
	EndGlobalSection
	GlobalSection(SolutionProperties) = preSolution
		HideSolutionNode = FALSE
	EndGlobalSection
	GlobalSection(ExtensibilityGlobals) = postSolution
		SolutionGuid = {6915B963-4910-46B4-AD48-40850F3037A8}
	EndGlobalSection
EndGlobal
